<?xml version="1.0" encoding="utf-8"?>
<Project ToolsVersion="4.0" xmlns="http://schemas.microsoft.com/developer/msbuild/2003">
  <ItemGroup>
    <Filter Include="Исходные файлы">
      <UniqueIdentifier>{4FC737F1-C7A5-4376-A066-2A32D752A2FF}</UniqueIdentifier>
      <Extensions>cpp;c;cc;cxx;c++;cppm;ixx;def;odl;idl;hpj;bat;asm;asmx</Extensions>
    </Filter>
    <Filter Include="Файлы заголовков">
      <UniqueIdentifier>{93995380-89BD-4b04-88EB-625FBE52EBFB}</UniqueIdentifier>
      <Extensions>h;hh;hpp;hxx;h++;hm;inl;inc;ipp;xsd</Extensions>
    </Filter>
    <Filter Include="Файлы ресурсов">
      <UniqueIdentifier>{67DA6AB6-F800-4c08-8B7A-83BB121AAD01}</UniqueIdentifier>
      <Extensions>rc;ico;cur;bmp;dlg;rc2;rct;bin;rgs;gif;jpg;jpeg;jpe;resx;tiff;tif;png;wav;mfcribbon-ms</Extensions>
    </Filter>
  </ItemGroup>
  <ItemGroup>
    <ClCompile Include="sRPGg.cpp">
      <Filter>Исходные файлы</Filter>
    </ClCompile>
<<<<<<< HEAD
<<<<<<< HEAD
<<<<<<< HEAD
<<<<<<< HEAD
<<<<<<< HEAD
<<<<<<< .merge_file_a16680
<<<<<<< HEAD
<<<<<<< HEAD
<<<<<<< HEAD
    <ClCompile Include="Armor.cpp">
=======
    <ClCompile Include="attack.cpp">
>>>>>>> module_attack
=======
    <ClCompile Include="Build.cpp">
>>>>>>> module_build
=======
    <ClCompile Include="create_items.cpp">
>>>>>>> module_create_item
=======
    <ClCompile Include="module_generation_npc.cpp">
>>>>>>> .merge_file_a06212
=======
    <ClCompile Include="module_generation_player.cpp">
>>>>>>> module_generation_player
=======
    <ClCompile Include="module_generation_world.cpp">
>>>>>>> module_generation_world
=======
    <ClCompile Include="skills.cpp">
>>>>>>> module_skills
=======
    <ClCompile Include="spawn_item.cpp">
>>>>>>> module_spawn_item
=======
    <ClCompile Include="Vehicle.cpp">
>>>>>>> module_vehicle
      <Filter>Исходные файлы</Filter>
    </ClCompile>
  </ItemGroup>
  <ItemGroup>
<<<<<<< HEAD
<<<<<<< HEAD
<<<<<<< HEAD
<<<<<<< HEAD
<<<<<<< HEAD
<<<<<<< .merge_file_a16680
<<<<<<< HEAD
<<<<<<< HEAD
<<<<<<< HEAD
    <ClInclude Include="Armor.h">
=======
    <ClInclude Include="Attack.h">
>>>>>>> module_attack
=======
    <ClInclude Include="build.h">
>>>>>>> module_build
=======
    <ClInclude Include="Create_Item.h">
>>>>>>> module_create_item
=======
    <ClInclude Include="module_generation_npc.h">
>>>>>>> .merge_file_a06212
=======
    <ClInclude Include="module_generation_player.h">
>>>>>>> module_generation_player
=======
    <ClInclude Include="module_generation_world.h">
>>>>>>> module_generation_world
=======
    <ClInclude Include="Skills.h">
>>>>>>> module_skills
=======
    <ClInclude Include="spawn_item.h">
>>>>>>> module_spawn_item
=======
    <ClInclude Include="Vehicle.h">
>>>>>>> module_vehicle
      <Filter>Файлы заголовков</Filter>
    </ClInclude>
  </ItemGroup>
</Project>